
Microsoft Visual Studio Solution File, Format Version 12.00
# Visual Studio 2013
VisualStudioVersion = 12.0.30324.0
MinimumVisualStudioVersion = 10.0.40219.1
Project("{FAE04EC0-301F-11D3-BF4B-00C04F79EFBC}") = "NSysmon.Core", "NSysmon.Core\NSysmon.Core.csproj", "{0BAD2482-9AD4-4C6B-BE51-DF58EA00ECBF}"
EndProject
Project("{2150E333-8FDC-42A3-9474-1A3956D46DE8}") = "Files", "Files", "{F1E6762A-3F9C-45E3-BDF1-431045A787C4}"
	ProjectSection(SolutionItems) = preProject
		LICENSE = LICENSE
		README.md = README.md
	EndProjectSection
EndProject
Project("{FAE04EC0-301F-11D3-BF4B-00C04F79EFBC}") = "NSysmon.Client", "NSysmon.Client\NSysmon.Client.csproj", "{F9D4E773-D7FB-4B76-B230-114385667AEB}"
EndProject
Global
	GlobalSection(SolutionConfigurationPlatforms) = preSolution
		Debug|Any CPU = Debug|Any CPU
		Release|Any CPU = Release|Any CPU
	EndGlobalSection
	GlobalSection(ProjectConfigurationPlatforms) = postSolution
		{0BAD2482-9AD4-4C6B-BE51-DF58EA00ECBF}.Debug|Any CPU.ActiveCfg = Debug|Any CPU
		{0BAD2482-9AD4-4C6B-BE51-DF58EA00ECBF}.Debug|Any CPU.Build.0 = Debug|Any CPU
		{0BAD2482-9AD4-4C6B-BE51-DF58EA00ECBF}.Release|Any CPU.ActiveCfg = Release|Any CPU
		{0BAD2482-9AD4-4C6B-BE51-DF58EA00ECBF}.Release|Any CPU.Build.0 = Release|Any CPU
		{F9D4E773-D7FB-4B76-B230-114385667AEB}.Debug|Any CPU.ActiveCfg = Debug|Any CPU
		{F9D4E773-D7FB-4B76-B230-114385667AEB}.Debug|Any CPU.Build.0 = Debug|Any CPU
		{F9D4E773-D7FB-4B76-B230-114385667AEB}.Release|Any CPU.ActiveCfg = Release|Any CPU
		{F9D4E773-D7FB-4B76-B230-114385667AEB}.Release|Any CPU.Build.0 = Release|Any CPU
	EndGlobalSection
	GlobalSection(SolutionProperties) = preSolution
		HideSolutionNode = FALSE
	EndGlobalSection
EndGlobal
